
Microsoft Visual Studio Solution File, Format Version 12.00
# Visual Studio Version 17
VisualStudioVersion = 17.10.35122.118
MinimumVisualStudioVersion = 10.0.40219.1
Project("{9A19103F-16F7-4668-BE54-9A1E7A4F7556}") = "Core.Domain", "Core.Domain\Core.Domain.csproj", "{B4333FF3-F012-456F-AC05-3C13B5794E0D}"
EndProject
Project("{9A19103F-16F7-4668-BE54-9A1E7A4F7556}") = "Core.Application", "Core.Application\Core.Application.csproj", "{CBC49560-0D6F-4D04-B99B-07A84485313F}"
EndProject
Project("{9A19103F-16F7-4668-BE54-9A1E7A4F7556}") = "Infrastructure.Data", "Infrastructure.Data\Infrastructure.Data.csproj", "{BB364894-D8B1-4AF0-9605-75197108F047}"
EndProject
Project("{9A19103F-16F7-4668-BE54-9A1E7A4F7556}") = "Infrastructure.Identity", "Infrastructure.Sevices\Infrastructure.Identity.csproj", "{D0BFFC28-B2BE-4D1A-ABB4-0647943D02D8}"
EndProject
Project("{9A19103F-16F7-4668-BE54-9A1E7A4F7556}") = "School_Management.Api", "Schoolmanagement\School_Management.Api.csproj", "{368F67A2-65BD-4FA1-A46F-9F222389EA54}"
EndProject
Global
	GlobalSection(SolutionConfigurationPlatforms) = preSolution
		Debug|Any CPU = Debug|Any CPU
		Release|Any CPU = Release|Any CPU
	EndGlobalSection
	GlobalSection(ProjectConfigurationPlatforms) = postSolution
		{B4333FF3-F012-456F-AC05-3C13B5794E0D}.Debug|Any CPU.ActiveCfg = Debug|Any CPU
		{B4333FF3-F012-456F-AC05-3C13B5794E0D}.Debug|Any CPU.Build.0 = Debug|Any CPU
		{B4333FF3-F012-456F-AC05-3C13B5794E0D}.Release|Any CPU.ActiveCfg = Release|Any CPU
		{B4333FF3-F012-456F-AC05-3C13B5794E0D}.Release|Any CPU.Build.0 = Release|Any CPU
		{CBC49560-0D6F-4D04-B99B-07A84485313F}.Debug|Any CPU.ActiveCfg = Debug|Any CPU
		{CBC49560-0D6F-4D04-B99B-07A84485313F}.Debug|Any CPU.Build.0 = Debug|Any CPU
		{CBC49560-0D6F-4D04-B99B-07A84485313F}.Release|Any CPU.ActiveCfg = Release|Any CPU
		{CBC49560-0D6F-4D04-B99B-07A84485313F}.Release|Any CPU.Build.0 = Release|Any CPU
		{BB364894-D8B1-4AF0-9605-75197108F047}.Debug|Any CPU.ActiveCfg = Debug|Any CPU
		{BB364894-D8B1-4AF0-9605-75197108F047}.Debug|Any CPU.Build.0 = Debug|Any CPU
		{BB364894-D8B1-4AF0-9605-75197108F047}.Release|Any CPU.ActiveCfg = Release|Any CPU
		{BB364894-D8B1-4AF0-9605-75197108F047}.Release|Any CPU.Build.0 = Release|Any CPU
		{D0BFFC28-B2BE-4D1A-ABB4-0647943D02D8}.Debug|Any CPU.ActiveCfg = Debug|Any CPU
		{D0BFFC28-B2BE-4D1A-ABB4-0647943D02D8}.Debug|Any CPU.Build.0 = Debug|Any CPU
		{D0BFFC28-B2BE-4D1A-ABB4-0647943D02D8}.Release|Any CPU.ActiveCfg = Release|Any CPU
		{D0BFFC28-B2BE-4D1A-ABB4-0647943D02D8}.Release|Any CPU.Build.0 = Release|Any CPU
		{368F67A2-65BD-4FA1-A46F-9F222389EA54}.Debug|Any CPU.ActiveCfg = Debug|Any CPU
		{368F67A2-65BD-4FA1-A46F-9F222389EA54}.Debug|Any CPU.Build.0 = Debug|Any CPU
		{368F67A2-65BD-4FA1-A46F-9F222389EA54}.Release|Any CPU.ActiveCfg = Release|Any CPU
		{368F67A2-65BD-4FA1-A46F-9F222389EA54}.Release|Any CPU.Build.0 = Release|Any CPU
	EndGlobalSection
	GlobalSection(SolutionProperties) = preSolution
		HideSolutionNode = FALSE
	EndGlobalSection
	GlobalSection(ExtensibilityGlobals) = postSolution
		SolutionGuid = {BEB59B12-62F2-4D8A-8B67-F6801CACD487}
	EndGlobalSection
EndGlobal
